
Microsoft Visual Studio Solution File, Format Version 12.00
# Visual Studio Version 16
VisualStudioVersion = 16.0.32106.194
MinimumVisualStudioVersion = 10.0.40219.1
Project("{FAE04EC0-301F-11D3-BF4B-00C04F79EFBC}") = "Helltaker", "Helltaker.csproj", "{D7C958BE-F254-44AF-9C16-B33B34F6E1B3}"
EndProject
Global
	GlobalSection(SolutionConfigurationPlatforms) = preSolution
		Debug|Any CPU = Debug|Any CPU
		Release|Any CPU = Release|Any CPU
	EndGlobalSection
	GlobalSection(ProjectConfigurationPlatforms) = postSolution
		{D7C958BE-F254-44AF-9C16-B33B34F6E1B3}.Debug|Any CPU.ActiveCfg = Debug|Any CPU
		{D7C958BE-F254-44AF-9C16-B33B34F6E1B3}.Debug|Any CPU.Build.0 = Debug|Any CPU
		{D7C958BE-F254-44AF-9C16-B33B34F6E1B3}.Release|Any CPU.ActiveCfg = Release|Any CPU
		{D7C958BE-F254-44AF-9C16-B33B34F6E1B3}.Release|Any CPU.Build.0 = Release|Any CPU
	EndGlobalSection
	GlobalSection(SolutionProperties) = preSolution
		HideSolutionNode = FALSE
	EndGlobalSection
	GlobalSection(ExtensibilityGlobals) = postSolution
		SolutionGuid = {9F5C7C66-4F67-4CE0-8CC4-3BDA5D3156DE}
	EndGlobalSection
EndGlobal
